
Microsoft Visual Studio Solution File, Format Version 12.00
# Visual Studio Version 16
VisualStudioVersion = 16.0.33423.256
MinimumVisualStudioVersion = 10.0.40219.1
Project("{FAE04EC0-301F-11D3-BF4B-00C04F79EFBC}") = "float lexer", "float lexer\float lexer.csproj", "{80EAC8DA-2FC6-49A4-AC5E-8CF854BCAE66}"
EndProject
Global
	GlobalSection(SolutionConfigurationPlatforms) = preSolution
		Debug|Any CPU = Debug|Any CPU
		Release|Any CPU = Release|Any CPU
	EndGlobalSection
	GlobalSection(ProjectConfigurationPlatforms) = postSolution
		{80EAC8DA-2FC6-49A4-AC5E-8CF854BCAE66}.Debug|Any CPU.ActiveCfg = Debug|Any CPU
		{80EAC8DA-2FC6-49A4-AC5E-8CF854BCAE66}.Debug|Any CPU.Build.0 = Debug|Any CPU
		{80EAC8DA-2FC6-49A4-AC5E-8CF854BCAE66}.Release|Any CPU.ActiveCfg = Release|Any CPU
		{80EAC8DA-2FC6-49A4-AC5E-8CF854BCAE66}.Release|Any CPU.Build.0 = Release|Any CPU
	EndGlobalSection
	GlobalSection(SolutionProperties) = preSolution
		HideSolutionNode = FALSE
	EndGlobalSection
	GlobalSection(ExtensibilityGlobals) = postSolution
		SolutionGuid = {DA42B260-5A14-40EA-902A-8393F8011BAB}
	EndGlobalSection
EndGlobal
